{
  "name": "vue",
  "version": "1.0.0",
  "lockfileVersion": 1,
  "requires": true,
  "dependencies": {
    "lru-cache": {
      "version": "6.0.0",
      "resolved": "https://registry.npm.taobao.org/lru-cache/download/lru-cache-6.0.0.tgz",
      "integrity": "sha1-bW/mVw69lqr5D8rR2vo7JWbbOpQ=",
      "requires": {
        "yallist": "^4.0.0"
      }
    },
    "yallist": {
      "version": "4.0.0",
      "resolved": "https://registry.npm.taobao.org/yallist/download/yallist-4.0.0.tgz",
      "integrity": "sha1-m7knkNnA7/7GO+c1GeEaNQGaOnI="
    }
  }
}
